{
  "name": "hm",
  "lockfileVersion": 2,
  "requires": true,
  "packages": {
    "": {
      "dependencies": {
        "fastify-cors": "^6.0.1"
      }
    },
    "node_modules/fastify-cors": {
      "version": "6.0.1",
      "resolved": "https://registry.npmjs.org/fastify-cors/-/fastify-cors-6.0.1.tgz",
      "integrity": "sha512-eeNTdQNmBsqHL87we+X74n9+H0hTDX0cXGVdyZjGf9om2pZfigAZwuSxaUUE2pLP9tp5+rEd5kejKQ8+ZCvAoA==",
      "dependencies": {
        "fastify-plugin": "^3.0.0",
        "vary": "^1.1.2"
      }
    },
    "node_modules/fastify-plugin": {
      "version": "3.0.0",
      "resolved": "https://registry.npmjs.org/fastify-plugin/-/fastify-plugin-3.0.0.tgz",
      "integrity": "sha512-ZdCvKEEd92DNLps5n0v231Bha8bkz1DjnPP/aEz37rz/q42Z5JVLmgnqR4DYuNn3NXAO3IDCPyRvgvxtJ4Ym4w=="
    },
    "node_modules/vary": {
      "version": "1.1.2",
      "resolved": "https://registry.npmjs.org/vary/-/vary-1.1.2.tgz",
      "integrity": "sha1-IpnwLG3tMNSllhsLn3RSShj2NPw=",
      "engines": {
        "node": ">= 0.8"
      }
    }
  },
  "dependencies": {
    "fastify-cors": {
      "version": "6.0.1",
      "resolved": "https://registry.npmjs.org/fastify-cors/-/fastify-cors-6.0.1.tgz",
      "integrity": "sha512-eeNTdQNmBsqHL87we+X74n9+H0hTDX0cXGVdyZjGf9om2pZfigAZwuSxaUUE2pLP9tp5+rEd5kejKQ8+ZCvAoA==",
      "requires": {
        "fastify-plugin": "^3.0.0",
        "vary": "^1.1.2"
      }
    },
    "fastify-plugin": {
      "version": "3.0.0",
      "resolved": "https://registry.npmjs.org/fastify-plugin/-/fastify-plugin-3.0.0.tgz",
      "integrity": "sha512-ZdCvKEEd92DNLps5n0v231Bha8bkz1DjnPP/aEz37rz/q42Z5JVLmgnqR4DYuNn3NXAO3IDCPyRvgvxtJ4Ym4w=="
    },
    "vary": {
      "version": "1.1.2",
      "resolved": "https://registry.npmjs.org/vary/-/vary-1.1.2.tgz",
      "integrity": "sha1-IpnwLG3tMNSllhsLn3RSShj2NPw="
    }
  }
}
